Microsoft Visual Studio Solution File, Format Version 12.00
# Visual Studio Version 16
VisualStudioVersion = 16.0.28803.156
MinimumVisualStudioVersion = 10.0.40219.1
Project("{9A19103F-16F7-4668-BE54-9A1E7A4F7556}") = "Glos", "Glos\Glos.csproj", "{71D01961-5BC4-4952-9F11-49D3B4E65597}"
EndProject
Project("{9A19103F-16F7-4668-BE54-9A1E7A4F7556}") = "XUnitTester", "XUnitTester\XUnitTester.csproj", "{10EAC871-3ECE-4CA1-B225-50165B34F8A3}"
EndProject
Project("{9A19103F-16F7-4668-BE54-9A1E7A4F7556}") = "Glug", "Glug\Glug.csproj", "{C5DC1205-B2EC-4CBA-B441-D4C149C94043}"
EndProject
Project("{9A19103F-16F7-4668-BE54-9A1E7A4F7556}") = "Gliep", "Gliep\Gliep.csproj", "{F8693B01-4275-435D-BB85-43A76717C0DF}"
EndProject
Project("{9A19103F-16F7-4668-BE54-9A1E7A4F7556}") = "GliepDumper", "GliepDumper\GliepDumper.csproj", "{85B9BFD9-F3FB-4649-9C23-8C857EC34724}"
EndProject
Project("{9A19103F-16F7-4668-BE54-9A1E7A4F7556}") = "Glute", "Glute\Glute.csproj", "{53E2E693-37D5-4B78-8F2C-611657F338E9}"
EndProject
Project("{9A19103F-16F7-4668-BE54-9A1E7A4F7556}") = "Glos.Code", "Glos.Code\Glos.Code.csproj", "{8906611D-E5C5-4829-B103-15BD8664239A}"
EndProject
Project("{FAE04EC0-301F-11D3-BF4B-00C04F79EFBC}") = "Exam", "Exam\Exam.csproj", "{3D99A370-4ADD-4715-90FB-83E6F6712056}"
EndProject
Global
	GlobalSection(SolutionConfigurationPlatforms) = preSolution
		Develop|Any CPU = Develop|Any CPU
		Preview|Any CPU = Preview|Any CPU
		Release|Any CPU = Release|Any CPU
	EndGlobalSection
	GlobalSection(ProjectConfigurationPlatforms) = postSolution
		{71D01961-5BC4-4952-9F11-49D3B4E65597}.Develop|Any CPU.ActiveCfg = Develop|Any CPU
		{71D01961-5BC4-4952-9F11-49D3B4E65597}.Develop|Any CPU.Build.0 = Develop|Any CPU
		{71D01961-5BC4-4952-9F11-49D3B4E65597}.Preview|Any CPU.ActiveCfg = Preview|Any CPU
		{71D01961-5BC4-4952-9F11-49D3B4E65597}.Preview|Any CPU.Build.0 = Preview|Any CPU
		{71D01961-5BC4-4952-9F11-49D3B4E65597}.Release|Any CPU.ActiveCfg = Release|Any CPU
		{71D01961-5BC4-4952-9F11-49D3B4E65597}.Release|Any CPU.Build.0 = Release|Any CPU
		{10EAC871-3ECE-4CA1-B225-50165B34F8A3}.Develop|Any CPU.ActiveCfg = Develop|Any CPU
		{10EAC871-3ECE-4CA1-B225-50165B34F8A3}.Develop|Any CPU.Build.0 = Develop|Any CPU
		{10EAC871-3ECE-4CA1-B225-50165B34F8A3}.Preview|Any CPU.ActiveCfg = Preview|Any CPU
		{10EAC871-3ECE-4CA1-B225-50165B34F8A3}.Preview|Any CPU.Build.0 = Preview|Any CPU
		{10EAC871-3ECE-4CA1-B225-50165B34F8A3}.Release|Any CPU.ActiveCfg = Release|Any CPU
		{10EAC871-3ECE-4CA1-B225-50165B34F8A3}.Release|Any CPU.Build.0 = Release|Any CPU
		{C5DC1205-B2EC-4CBA-B441-D4C149C94043}.Develop|Any CPU.ActiveCfg = Develop|Any CPU
		{C5DC1205-B2EC-4CBA-B441-D4C149C94043}.Develop|Any CPU.Build.0 = Develop|Any CPU
		{C5DC1205-B2EC-4CBA-B441-D4C149C94043}.Preview|Any CPU.ActiveCfg = Preview|Any CPU
		{C5DC1205-B2EC-4CBA-B441-D4C149C94043}.Preview|Any CPU.Build.0 = Preview|Any CPU
		{C5DC1205-B2EC-4CBA-B441-D4C149C94043}.Release|Any CPU.ActiveCfg = Release|Any CPU
		{C5DC1205-B2EC-4CBA-B441-D4C149C94043}.Release|Any CPU.Build.0 = Release|Any CPU
		{F8693B01-4275-435D-BB85-43A76717C0DF}.Develop|Any CPU.ActiveCfg = Develop|Any CPU
		{F8693B01-4275-435D-BB85-43A76717C0DF}.Develop|Any CPU.Build.0 = Develop|Any CPU
		{F8693B01-4275-435D-BB85-43A76717C0DF}.Preview|Any CPU.ActiveCfg = Preview|Any CPU
		{F8693B01-4275-435D-BB85-43A76717C0DF}.Preview|Any CPU.Build.0 = Preview|Any CPU
		{F8693B01-4275-435D-BB85-43A76717C0DF}.Release|Any CPU.ActiveCfg = Release|Any CPU
		{F8693B01-4275-435D-BB85-43A76717C0DF}.Release|Any CPU.Build.0 = Release|Any CPU
		{85B9BFD9-F3FB-4649-9C23-8C857EC34724}.Develop|Any CPU.ActiveCfg = Develop|Any CPU
		{85B9BFD9-F3FB-4649-9C23-8C857EC34724}.Develop|Any CPU.Build.0 = Develop|Any CPU
		{85B9BFD9-F3FB-4649-9C23-8C857EC34724}.Preview|Any CPU.ActiveCfg = Preview|Any CPU
		{85B9BFD9-F3FB-4649-9C23-8C857EC34724}.Preview|Any CPU.Build.0 = Preview|Any CPU
		{85B9BFD9-F3FB-4649-9C23-8C857EC34724}.Release|Any CPU.ActiveCfg = Release|Any CPU
		{85B9BFD9-F3FB-4649-9C23-8C857EC34724}.Release|Any CPU.Build.0 = Release|Any CPU
		{53E2E693-37D5-4B78-8F2C-611657F338E9}.Develop|Any CPU.ActiveCfg = Develop|Any CPU
		{53E2E693-37D5-4B78-8F2C-611657F338E9}.Develop|Any CPU.Build.0 = Develop|Any CPU
		{53E2E693-37D5-4B78-8F2C-611657F338E9}.Preview|Any CPU.ActiveCfg = Preview|Any CPU
		{53E2E693-37D5-4B78-8F2C-611657F338E9}.Preview|Any CPU.Build.0 = Preview|Any CPU
		{53E2E693-37D5-4B78-8F2C-611657F338E9}.Release|Any CPU.ActiveCfg = Release|Any CPU
		{53E2E693-37D5-4B78-8F2C-611657F338E9}.Release|Any CPU.Build.0 = Release|Any CPU
		{8906611D-E5C5-4829-B103-15BD8664239A}.Develop|Any CPU.ActiveCfg = Debug|Any CPU
		{8906611D-E5C5-4829-B103-15BD8664239A}.Develop|Any CPU.Build.0 = Debug|Any CPU
		{8906611D-E5C5-4829-B103-15BD8664239A}.Preview|Any CPU.ActiveCfg = Debug|Any CPU
		{8906611D-E5C5-4829-B103-15BD8664239A}.Preview|Any CPU.Build.0 = Debug|Any CPU
		{8906611D-E5C5-4829-B103-15BD8664239A}.Release|Any CPU.ActiveCfg = Release|Any CPU
		{8906611D-E5C5-4829-B103-15BD8664239A}.Release|Any CPU.Build.0 = Release|Any CPU
		{3D99A370-4ADD-4715-90FB-83E6F6712056}.Develop|Any CPU.ActiveCfg = Debug|Any CPU
		{3D99A370-4ADD-4715-90FB-83E6F6712056}.Develop|Any CPU.Build.0 = Debug|Any CPU
		{3D99A370-4ADD-4715-90FB-83E6F6712056}.Preview|Any CPU.ActiveCfg = Debug|Any CPU
		{3D99A370-4ADD-4715-90FB-83E6F6712056}.Preview|Any CPU.Build.0 = Debug|Any CPU
		{3D99A370-4ADD-4715-90FB-83E6F6712056}.Release|Any CPU.ActiveCfg = Release|Any CPU
		{3D99A370-4ADD-4715-90FB-83E6F6712056}.Release|Any CPU.Build.0 = Release|Any CPU
	EndGlobalSection
	GlobalSection(SolutionProperties) = preSolution
		HideSolutionNode = FALSE
	EndGlobalSection
	GlobalSection(ExtensibilityGlobals) = postSolution
		SolutionGuid = {C73D4D10-4251-4457-B72C-ECA69013E0F4}
	EndGlobalSection
EndGlobal
